a:3:{s:5:"users";O:32:"Cake\Database\Schema\TableSchema":7:{s:9:" * _table";s:5:"users";s:11:" * _columns";a:6:{s:2:"id";a:9:{s:4:"type";s:7:"integer";s:6:"length";N;s:8:"unsigned";b:0;s:4:"null";b:0;s:7:"default";N;s:7:"comment";s:0:"";s:13:"autoIncrement";b:1;s:8:"baseType";N;s:9:"precision";N;}s:8:"username";a:9:{s:4:"type";s:6:"string";s:6:"length";i:255;s:8:"unsigned";b:0;s:4:"null";b:0;s:7:"default";N;s:7:"comment";s:0:"";s:13:"autoIncrement";b:0;s:8:"baseType";N;s:9:"precision";N;}s:8:"password";a:9:{s:4:"type";s:6:"string";s:6:"length";i:255;s:8:"unsigned";b:0;s:4:"null";b:0;s:7:"default";N;s:7:"comment";s:0:"";s:13:"autoIncrement";b:0;s:8:"baseType";N;s:9:"precision";N;}s:5:"token";a:9:{s:4:"type";s:6:"string";s:6:"length";i:255;s:8:"unsigned";b:0;s:4:"null";b:0;s:7:"default";N;s:7:"comment";s:0:"";s:13:"autoIncrement";b:0;s:8:"baseType";N;s:9:"precision";N;}s:7:"created";a:9:{s:4:"type";s:8:"datetime";s:6:"length";N;s:8:"unsigned";b:0;s:4:"null";b:1;s:7:"default";N;s:7:"comment";s:0:"";s:13:"autoIncrement";b:0;s:8:"baseType";N;s:9:"precision";N;}s:8:"modified";a:9:{s:4:"type";s:8:"datetime";s:6:"length";N;s:8:"unsigned";b:0;s:4:"null";b:1;s:7:"default";N;s:7:"comment";s:0:"";s:13:"autoIncrement";b:0;s:8:"baseType";N;s:9:"precision";N;}}s:11:" * _typeMap";a:6:{s:2:"id";s:7:"integer";s:8:"username";s:6:"string";s:8:"password";s:6:"string";s:5:"token";s:6:"string";s:7:"created";s:8:"datetime";s:8:"modified";s:8:"datetime";}s:11:" * _indexes";a:2:{s:8:"username";a:3:{s:4:"type";s:5:"index";s:7:"columns";a:1:{i:0;s:8:"username";}s:6:"length";a:0:{}}s:5:"token";a:3:{s:4:"type";s:5:"index";s:7:"columns";a:1:{i:0;s:5:"token";}s:6:"length";a:0:{}}}s:15:" * _constraints";a:3:{s:7:"primary";a:3:{s:4:"type";s:7:"primary";s:7:"columns";a:1:{i:0;s:2:"id";}s:6:"length";a:0:{}}s:8:"username";a:3:{s:4:"type";s:6:"unique";s:7:"columns";a:1:{i:0;s:8:"username";}s:6:"length";a:0:{}}s:5:"token";a:3:{s:4:"type";s:6:"unique";s:7:"columns";a:1:{i:0;s:5:"token";}s:6:"length";a:0:{}}}s:11:" * _options";a:2:{s:6:"engine";s:6:"InnoDB";s:9:"collation";s:17:"utf8mb4_0900_ai_ci";}s:13:" * _temporary";b:0;}s:5:"flags";O:32:"Cake\Database\Schema\TableSchema":7:{s:9:" * _table";s:5:"flags";s:11:" * _columns";a:8:{s:2:"id";a:9:{s:4:"type";s:7:"integer";s:6:"length";N;s:8:"unsigned";b:0;s:4:"null";b:0;s:7:"default";N;s:7:"comment";s:0:"";s:13:"autoIncrement";b:1;s:8:"baseType";N;s:9:"precision";N;}s:8:"flag_key";a:9:{s:4:"type";s:6:"string";s:6:"length";i:255;s:8:"unsigned";b:0;s:4:"null";b:0;s:7:"default";N;s:7:"comment";s:0:"";s:13:"autoIncrement";b:0;s:8:"baseType";N;s:9:"precision";N;}s:4:"name";a:9:{s:4:"type";s:6:"string";s:6:"length";i:255;s:8:"unsigned";b:0;s:4:"null";b:0;s:7:"default";N;s:7:"comment";s:0:"";s:13:"autoIncrement";b:0;s:8:"baseType";N;s:9:"precision";N;}s:11:"description";a:9:{s:4:"type";s:4:"text";s:6:"length";N;s:8:"unsigned";b:0;s:4:"null";b:1;s:7:"default";N;s:7:"comment";s:0:"";s:13:"autoIncrement";b:0;s:8:"baseType";N;s:9:"precision";N;}s:7:"enabled";a:9:{s:4:"type";s:7:"boolean";s:6:"length";N;s:8:"unsigned";b:0;s:4:"null";b:0;s:7:"default";i:0;s:7:"comment";s:0:"";s:13:"autoIncrement";b:0;s:8:"baseType";N;s:9:"precision";N;}s:12:"config_value";a:9:{s:4:"type";s:4:"text";s:6:"length";N;s:8:"unsigned";b:0;s:4:"null";b:1;s:7:"default";N;s:7:"comment";s:0:"";s:13:"autoIncrement";b:0;s:8:"baseType";N;s:9:"precision";N;}s:7:"created";a:9:{s:4:"type";s:8:"datetime";s:6:"length";N;s:8:"unsigned";b:0;s:4:"null";b:1;s:7:"default";N;s:7:"comment";s:0:"";s:13:"autoIncrement";b:0;s:8:"baseType";N;s:9:"precision";N;}s:8:"modified";a:9:{s:4:"type";s:8:"datetime";s:6:"length";N;s:8:"unsigned";b:0;s:4:"null";b:1;s:7:"default";N;s:7:"comment";s:0:"";s:13:"autoIncrement";b:0;s:8:"baseType";N;s:9:"precision";N;}}s:11:" * _typeMap";a:8:{s:2:"id";s:7:"integer";s:8:"flag_key";s:6:"string";s:4:"name";s:6:"string";s:11:"description";s:4:"text";s:7:"enabled";s:7:"boolean";s:12:"config_value";s:4:"text";s:7:"created";s:8:"datetime";s:8:"modified";s:8:"datetime";}s:11:" * _indexes";a:1:{s:8:"flag_key";a:3:{s:4:"type";s:5:"index";s:7:"columns";a:1:{i:0;s:8:"flag_key";}s:6:"length";a:0:{}}}s:15:" * _constraints";a:2:{s:7:"primary";a:3:{s:4:"type";s:7:"primary";s:7:"columns";a:1:{i:0;s:2:"id";}s:6:"length";a:0:{}}s:8:"flag_key";a:3:{s:4:"type";s:6:"unique";s:7:"columns";a:1:{i:0;s:8:"flag_key";}s:6:"length";a:0:{}}}s:11:" * _options";a:2:{s:6:"engine";s:6:"InnoDB";s:9:"collation";s:17:"utf8mb4_0900_ai_ci";}s:13:" * _temporary";b:0;}s:16:"phinxlog";O:32:"Cake\Database\Schema\TableSchema":7:{s:9:" * _table";s:16:"phinxlog";s:11:" * _columns";a:5:{s:7:"version";a:9:{s:4:"type";s:6:"biginteger";s:6:"length";i:20;s:8:"unsigned";b:0;s:4:"null";b:0;s:7:"default";N;s:7:"comment";s:0:"";s:13:"autoIncrement";b:0;s:8:"baseType";N;s:9:"precision";N;}s:14:"migration_name";a:9:{s:4:"type";s:6:"string";s:6:"length";i:100;s:8:"unsigned";b:0;s:4:"null";b:1;s:7:"default";N;s:7:"comment";s:0:"";s:13:"autoIncrement";b:0;s:8:"baseType";N;s:9:"precision";N;}s:10:"start_time";a:9:{s:4:"type";s:9:"timestamp";s:6:"length";N;s:8:"unsigned";b:0;s:4:"null";b:1;s:7:"default";N;s:7:"comment";s:0:"";s:13:"autoIncrement";b:0;s:8:"baseType";N;s:9:"precision";N;}s:8:"end_time";a:9:{s:4:"type";s:9:"timestamp";s:6:"length";N;s:8:"unsigned";b:0;s:4:"null";b:1;s:7:"default";N;s:7:"comment";s:0:"";s:13:"autoIncrement";b:0;s:8:"baseType";N;s:9:"precision";N;}s:9:"breakpoint";a:9:{s:4:"type";s:7:"boolean";s:6:"length";N;s:8:"unsigned";b:0;s:4:"null";b:0;s:7:"default";i:0;s:7:"comment";s:0:"";s:13:"autoIncrement";b:0;s:8:"baseType";N;s:9:"precision";N;}}s:11:" * _typeMap";a:5:{s:7:"version";s:6:"biginteger";s:14:"migration_name";s:6:"string";s:10:"start_time";s:9:"timestamp";s:8:"end_time";s:9:"timestamp";s:9:"breakpoint";s:7:"boolean";}s:11:" * _indexes";a:0:{}s:15:" * _constraints";a:1:{s:7:"primary";a:3:{s:4:"type";s:7:"primary";s:7:"columns";a:1:{i:0;s:7:"version";}s:6:"length";a:0:{}}}s:11:" * _options";a:2:{s:6:"engine";s:6:"InnoDB";s:9:"collation";s:17:"utf8mb4_0900_ai_ci";}s:13:" * _temporary";b:0;}}