{
    "_readme": [
        "This file locks the dependencies of your project to a known state"
    ],
    "content-hash": "a1b2c3d4e5f6",
    "packages": [],
    "packages-dev": [],
    "aliases": [],
    "minimum-stability": "stable",
    "stability-flags": [],
    "prefer-stable": false,
    "prefer-lowest": false,
    "platform": {
        "php": ">=8.0"
    },
    "platform-dev": []
}